
Microsoft Visual Studio Solution File, Format Version 12.00
# Visual Studio 14
VisualStudioVersion = 14.0.25123.0
MinimumVisualStudioVersion = 10.0.40219.1
Project("{FAE04EC0-301F-11D3-BF4B-00C04F79EFBC}") = "ToDoList.Api", "ToDoList.Api\ToDoList.Api.csproj", "{88BC49A9-7871-4BF6-8081-844EAA7A4639}"
EndProject
Project("{00D1A9C2-B5F0-4AF3-8072-F6C62B433612}") = "ToDoList.Database", "ToDoList.Database\ToDoList.Database.sqlproj", "{C94E0E93-7135-46D3-9026-6EE8DD52C0A7}"
EndProject
Project("{FAE04EC0-301F-11D3-BF4B-00C04F79EFBC}") = "ToDoList.Framework.Data", "ToDoList.Framework.Data\ToDoList.Framework.Data.csproj", "{66742E7B-209C-4FFD-AD5C-E49AE0B016F5}"
EndProject
Project("{FAE04EC0-301F-11D3-BF4B-00C04F79EFBC}") = "ToDoList.Framework.Interfaces", "ToDoList.Framework.Interfaces\ToDoList.Framework.Interfaces.csproj", "{017EE94A-BB80-49F4-B357-E7F5AC644892}"
EndProject
Project("{FAE04EC0-301F-11D3-BF4B-00C04F79EFBC}") = "ToDoList.DataAccess", "ToDoList.DataAccess\ToDoList.DataAccess.csproj", "{6B0778FF-DB57-48AE-A162-EE7EFD1BC94C}"
EndProject
Global
	GlobalSection(SolutionConfigurationPlatforms) = preSolution
		Debug|Any CPU = Debug|Any CPU
		Release|Any CPU = Release|Any CPU
	EndGlobalSection
	GlobalSection(ProjectConfigurationPlatforms) = postSolution
		{88BC49A9-7871-4BF6-8081-844EAA7A4639}.Debug|Any CPU.ActiveCfg = Debug|Any CPU
		{88BC49A9-7871-4BF6-8081-844EAA7A4639}.Debug|Any CPU.Build.0 = Debug|Any CPU
		{88BC49A9-7871-4BF6-8081-844EAA7A4639}.Release|Any CPU.ActiveCfg = Release|Any CPU
		{88BC49A9-7871-4BF6-8081-844EAA7A4639}.Release|Any CPU.Build.0 = Release|Any CPU
		{C94E0E93-7135-46D3-9026-6EE8DD52C0A7}.Debug|Any CPU.ActiveCfg = Debug|Any CPU
		{C94E0E93-7135-46D3-9026-6EE8DD52C0A7}.Debug|Any CPU.Build.0 = Debug|Any CPU
		{C94E0E93-7135-46D3-9026-6EE8DD52C0A7}.Debug|Any CPU.Deploy.0 = Debug|Any CPU
		{C94E0E93-7135-46D3-9026-6EE8DD52C0A7}.Release|Any CPU.ActiveCfg = Release|Any CPU
		{C94E0E93-7135-46D3-9026-6EE8DD52C0A7}.Release|Any CPU.Build.0 = Release|Any CPU
		{C94E0E93-7135-46D3-9026-6EE8DD52C0A7}.Release|Any CPU.Deploy.0 = Release|Any CPU
		{66742E7B-209C-4FFD-AD5C-E49AE0B016F5}.Debug|Any CPU.ActiveCfg = Debug|Any CPU
		{66742E7B-209C-4FFD-AD5C-E49AE0B016F5}.Debug|Any CPU.Build.0 = Debug|Any CPU
		{66742E7B-209C-4FFD-AD5C-E49AE0B016F5}.Release|Any CPU.ActiveCfg = Release|Any CPU
		{66742E7B-209C-4FFD-AD5C-E49AE0B016F5}.Release|Any CPU.Build.0 = Release|Any CPU
		{017EE94A-BB80-49F4-B357-E7F5AC644892}.Debug|Any CPU.ActiveCfg = Debug|Any CPU
		{017EE94A-BB80-49F4-B357-E7F5AC644892}.Debug|Any CPU.Build.0 = Debug|Any CPU
		{017EE94A-BB80-49F4-B357-E7F5AC644892}.Release|Any CPU.ActiveCfg = Release|Any CPU
		{017EE94A-BB80-49F4-B357-E7F5AC644892}.Release|Any CPU.Build.0 = Release|Any CPU
		{6B0778FF-DB57-48AE-A162-EE7EFD1BC94C}.Debug|Any CPU.ActiveCfg = Debug|Any CPU
		{6B0778FF-DB57-48AE-A162-EE7EFD1BC94C}.Debug|Any CPU.Build.0 = Debug|Any CPU
		{6B0778FF-DB57-48AE-A162-EE7EFD1BC94C}.Release|Any CPU.ActiveCfg = Release|Any CPU
		{6B0778FF-DB57-48AE-A162-EE7EFD1BC94C}.Release|Any CPU.Build.0 = Release|Any CPU
	EndGlobalSection
	GlobalSection(SolutionProperties) = preSolution
		HideSolutionNode = FALSE
	EndGlobalSection
EndGlobal
